
Microsoft Visual Studio Solution File, Format Version 12.00
# Visual Studio Version 17
VisualStudioVersion = 17.14.36327.8
MinimumVisualStudioVersion = 10.0.40219.1
Project("{FAE04EC0-301F-11D3-BF4B-00C04F79EFBC}") = "CLDV6212_POE_PART_1", "CLDV6212_POE_PART_1\CLDV6212_POE_PART_1.csproj", "{1A9D11E7-989E-4D78-B450-958FB7220D77}"
EndProject
Project("{FAE04EC0-301F-11D3-BF4B-00C04F79EFBC}") = "AzureFunctions", "AzureFunctions\AzureFunctions.csproj", "{A1379B23-49CD-4822-8EF0-5818AB952CCF}"
EndProject
Global
	GlobalSection(SolutionConfigurationPlatforms) = preSolution
		Debug|Any CPU = Debug|Any CPU
		Release|Any CPU = Release|Any CPU
	EndGlobalSection
	GlobalSection(ProjectConfigurationPlatforms) = postSolution
		{1A9D11E7-989E-4D78-B450-958FB7220D77}.Debug|Any CPU.ActiveCfg = Debug|Any CPU
		{1A9D11E7-989E-4D78-B450-958FB7220D77}.Debug|Any CPU.Build.0 = Debug|Any CPU
		{1A9D11E7-989E-4D78-B450-958FB7220D77}.Release|Any CPU.ActiveCfg = Release|Any CPU
		{1A9D11E7-989E-4D78-B450-958FB7220D77}.Release|Any CPU.Build.0 = Release|Any CPU
		{A1379B23-49CD-4822-8EF0-5818AB952CCF}.Debug|Any CPU.ActiveCfg = Debug|Any CPU
		{A1379B23-49CD-4822-8EF0-5818AB952CCF}.Debug|Any CPU.Build.0 = Debug|Any CPU
		{A1379B23-49CD-4822-8EF0-5818AB952CCF}.Release|Any CPU.ActiveCfg = Release|Any CPU
		{A1379B23-49CD-4822-8EF0-5818AB952CCF}.Release|Any CPU.Build.0 = Release|Any CPU
	EndGlobalSection
	GlobalSection(SolutionProperties) = preSolution
		HideSolutionNode = FALSE
	EndGlobalSection
	GlobalSection(ExtensibilityGlobals) = postSolution
		SolutionGuid = {76394965-2448-4A41-A7DD-D37736A7A645}
	EndGlobalSection
EndGlobal
